
Microsoft Visual Studio Solution File, Format Version 12.00
# Visual Studio Version 16
VisualStudioVersion = 16.0.34301.259
MinimumVisualStudioVersion = 10.0.40219.1
Project("{9A19103F-16F7-4668-BE54-9A1E7A4F7556}") = "ChallengeApp2019", "ChallengeApp2019\ChallengeApp2019.csproj", "{B769C195-D7EC-4E28-AF7A-64D84D63CA48}"
EndProject
Project("{9A19103F-16F7-4668-BE54-9A1E7A4F7556}") = "RectangleArea", "RectangleArea\RectangleArea.csproj", "{7E3F9232-7152-4F0F-ACA1-BD23A3BA7D48}"
EndProject
Project("{9A19103F-16F7-4668-BE54-9A1E7A4F7556}") = "PiNumber", "PiNumber\PiNumber.csproj", "{3F0AEA35-5E54-4C4F-8524-5F2D6684F24C}"
EndProject
Project("{9A19103F-16F7-4668-BE54-9A1E7A4F7556}") = "SqrtPI", "SqrtPI\SqrtPI.csproj", "{D2A642C8-E9A6-4B55-A037-61EE9E63E901}"
EndProject
Project("{9A19103F-16F7-4668-BE54-9A1E7A4F7556}") = "VolumeOfTheBall", "VolumeOfTheBall\VolumeOfTheBall.csproj", "{2CED30B4-5CC7-494A-9855-3B5CCC501924}"
EndProject
Project("{9A19103F-16F7-4668-BE54-9A1E7A4F7556}") = "FahrenheitCelsiusRecalculation", "FahrenheitCelsiusRecalculation\FahrenheitCelsiusRecalculation.csproj", "{FB65DFB3-3243-4BEC-AD43-4608BD32EDC4}"
EndProject
Project("{FAE04EC0-301F-11D3-BF4B-00C04F79EFBC}") = "PythagoreanTriple", "PythagoreanTriple\PythagoreanTriple.csproj", "{C2B08E12-66C9-41EA-89BD-0C8BC02534F9}"
EndProject
Global
	GlobalSection(SolutionConfigurationPlatforms) = preSolution
		Debug|Any CPU = Debug|Any CPU
		Release|Any CPU = Release|Any CPU
	EndGlobalSection
	GlobalSection(ProjectConfigurationPlatforms) = postSolution
		{B769C195-D7EC-4E28-AF7A-64D84D63CA48}.Debug|Any CPU.ActiveCfg = Debug|Any CPU
		{B769C195-D7EC-4E28-AF7A-64D84D63CA48}.Debug|Any CPU.Build.0 = Debug|Any CPU
		{B769C195-D7EC-4E28-AF7A-64D84D63CA48}.Release|Any CPU.ActiveCfg = Release|Any CPU
		{B769C195-D7EC-4E28-AF7A-64D84D63CA48}.Release|Any CPU.Build.0 = Release|Any CPU
		{7E3F9232-7152-4F0F-ACA1-BD23A3BA7D48}.Debug|Any CPU.ActiveCfg = Debug|Any CPU
		{7E3F9232-7152-4F0F-ACA1-BD23A3BA7D48}.Debug|Any CPU.Build.0 = Debug|Any CPU
		{7E3F9232-7152-4F0F-ACA1-BD23A3BA7D48}.Release|Any CPU.ActiveCfg = Release|Any CPU
		{7E3F9232-7152-4F0F-ACA1-BD23A3BA7D48}.Release|Any CPU.Build.0 = Release|Any CPU
		{3F0AEA35-5E54-4C4F-8524-5F2D6684F24C}.Debug|Any CPU.ActiveCfg = Debug|Any CPU
		{3F0AEA35-5E54-4C4F-8524-5F2D6684F24C}.Debug|Any CPU.Build.0 = Debug|Any CPU
		{3F0AEA35-5E54-4C4F-8524-5F2D6684F24C}.Release|Any CPU.ActiveCfg = Release|Any CPU
		{3F0AEA35-5E54-4C4F-8524-5F2D6684F24C}.Release|Any CPU.Build.0 = Release|Any CPU
		{D2A642C8-E9A6-4B55-A037-61EE9E63E901}.Debug|Any CPU.ActiveCfg = Debug|Any CPU
		{D2A642C8-E9A6-4B55-A037-61EE9E63E901}.Debug|Any CPU.Build.0 = Debug|Any CPU
		{D2A642C8-E9A6-4B55-A037-61EE9E63E901}.Release|Any CPU.ActiveCfg = Release|Any CPU
		{D2A642C8-E9A6-4B55-A037-61EE9E63E901}.Release|Any CPU.Build.0 = Release|Any CPU
		{2CED30B4-5CC7-494A-9855-3B5CCC501924}.Debug|Any CPU.ActiveCfg = Debug|Any CPU
		{2CED30B4-5CC7-494A-9855-3B5CCC501924}.Debug|Any CPU.Build.0 = Debug|Any CPU
		{2CED30B4-5CC7-494A-9855-3B5CCC501924}.Release|Any CPU.ActiveCfg = Release|Any CPU
		{2CED30B4-5CC7-494A-9855-3B5CCC501924}.Release|Any CPU.Build.0 = Release|Any CPU
		{FB65DFB3-3243-4BEC-AD43-4608BD32EDC4}.Debug|Any CPU.ActiveCfg = Debug|Any CPU
		{FB65DFB3-3243-4BEC-AD43-4608BD32EDC4}.Debug|Any CPU.Build.0 = Debug|Any CPU
		{FB65DFB3-3243-4BEC-AD43-4608BD32EDC4}.Release|Any CPU.ActiveCfg = Release|Any CPU
		{FB65DFB3-3243-4BEC-AD43-4608BD32EDC4}.Release|Any CPU.Build.0 = Release|Any CPU
		{C2B08E12-66C9-41EA-89BD-0C8BC02534F9}.Debug|Any CPU.ActiveCfg = Debug|Any CPU
		{C2B08E12-66C9-41EA-89BD-0C8BC02534F9}.Debug|Any CPU.Build.0 = Debug|Any CPU
		{C2B08E12-66C9-41EA-89BD-0C8BC02534F9}.Release|Any CPU.ActiveCfg = Release|Any CPU
		{C2B08E12-66C9-41EA-89BD-0C8BC02534F9}.Release|Any CPU.Build.0 = Release|Any CPU
	EndGlobalSection
	GlobalSection(SolutionProperties) = preSolution
		HideSolutionNode = FALSE
	EndGlobalSection
	GlobalSection(ExtensibilityGlobals) = postSolution
		SolutionGuid = {EBBBA9A7-3746-4864-9709-156C65870F3B}
	EndGlobalSection
EndGlobal
